
Microsoft Visual Studio Solution File, Format Version 12.00
# Visual Studio Version 17
VisualStudioVersion = 17.11.35431.28
MinimumVisualStudioVersion = 10.0.40219.1
Project("{FAE04EC0-301F-11D3-BF4B-00C04F79EFBC}") = "uprajnenie", "uprajnenie\uprajnenie.csproj", "{7E6CDA37-7105-46A4-8081-D0E58DC976B2}"
EndProject
Global
	GlobalSection(SolutionConfigurationPlatforms) = preSolution
		Debug|Any CPU = Debug|Any CPU
		Release|Any CPU = Release|Any CPU
	EndGlobalSection
	GlobalSection(ProjectConfigurationPlatforms) = postSolution
		{7E6CDA37-7105-46A4-8081-D0E58DC976B2}.Debug|Any CPU.ActiveCfg = Debug|Any CPU
		{7E6CDA37-7105-46A4-8081-D0E58DC976B2}.Debug|Any CPU.Build.0 = Debug|Any CPU
		{7E6CDA37-7105-46A4-8081-D0E58DC976B2}.Release|Any CPU.ActiveCfg = Release|Any CPU
		{7E6CDA37-7105-46A4-8081-D0E58DC976B2}.Release|Any CPU.Build.0 = Release|Any CPU
	EndGlobalSection
	GlobalSection(SolutionProperties) = preSolution
		HideSolutionNode = FALSE
	EndGlobalSection
	GlobalSection(ExtensibilityGlobals) = postSolution
		SolutionGuid = {D6459AD4-9E06-4EA3-B920-E38EB719439B}
	EndGlobalSection
EndGlobal
